
Microsoft Visual Studio Solution File, Format Version 12.00
# Visual Studio Version 17
VisualStudioVersion = 17.12.35707.178 d17.12
MinimumVisualStudioVersion = 10.0.40219.1
Project("{FAE04EC0-301F-11D3-BF4B-00C04F79EFBC}") = "CapaPresentacion", "CapaPresentacion\CapaPresentacion.csproj", "{037DED2B-DDAE-4F54-988A-B3EEC617E375}"
EndProject
Project("{FAE04EC0-301F-11D3-BF4B-00C04F79EFBC}") = "CapaDatos", "CapaDatos\CapaDatos.csproj", "{7904738F-1B9C-426C-9139-D4FD001B1CD2}"
EndProject
Project("{FAE04EC0-301F-11D3-BF4B-00C04F79EFBC}") = "CapaNegocio", "CapaNegocio\CapaNegocio.csproj", "{639646DC-E282-48E4-B17A-F74C97AD4B53}"
EndProject
Global
	GlobalSection(SolutionConfigurationPlatforms) = preSolution
		Debug|Any CPU = Debug|Any CPU
		Release|Any CPU = Release|Any CPU
	EndGlobalSection
	GlobalSection(ProjectConfigurationPlatforms) = postSolution
		{037DED2B-DDAE-4F54-988A-B3EEC617E375}.Debug|Any CPU.ActiveCfg = Debug|Any CPU
		{037DED2B-DDAE-4F54-988A-B3EEC617E375}.Debug|Any CPU.Build.0 = Debug|Any CPU
		{037DED2B-DDAE-4F54-988A-B3EEC617E375}.Release|Any CPU.ActiveCfg = Release|Any CPU
		{037DED2B-DDAE-4F54-988A-B3EEC617E375}.Release|Any CPU.Build.0 = Release|Any CPU
		{7904738F-1B9C-426C-9139-D4FD001B1CD2}.Debug|Any CPU.ActiveCfg = Debug|Any CPU
		{7904738F-1B9C-426C-9139-D4FD001B1CD2}.Debug|Any CPU.Build.0 = Debug|Any CPU
		{7904738F-1B9C-426C-9139-D4FD001B1CD2}.Release|Any CPU.ActiveCfg = Release|Any CPU
		{7904738F-1B9C-426C-9139-D4FD001B1CD2}.Release|Any CPU.Build.0 = Release|Any CPU
		{639646DC-E282-48E4-B17A-F74C97AD4B53}.Debug|Any CPU.ActiveCfg = Debug|Any CPU
		{639646DC-E282-48E4-B17A-F74C97AD4B53}.Debug|Any CPU.Build.0 = Debug|Any CPU
		{639646DC-E282-48E4-B17A-F74C97AD4B53}.Release|Any CPU.ActiveCfg = Release|Any CPU
		{639646DC-E282-48E4-B17A-F74C97AD4B53}.Release|Any CPU.Build.0 = Release|Any CPU
	EndGlobalSection
	GlobalSection(SolutionProperties) = preSolution
		HideSolutionNode = FALSE
	EndGlobalSection
EndGlobal
